
Microsoft Visual Studio Solution File, Format Version 12.00
# Visual Studio Version 17
VisualStudioVersion = 17.5.002.0
MinimumVisualStudioVersion = 10.0.40219.1
Project("{9A19103F-16F7-4668-BE54-9A1E7A4F7556}") = "TCCteste2", "TCCteste2.csproj", "{397E7F30-0EA5-4BA1-92EB-457FA98BF6D9}"
EndProject
Global
	GlobalSection(SolutionConfigurationPlatforms) = preSolution
		Debug|Any CPU = Debug|Any CPU
		Release|Any CPU = Release|Any CPU
	EndGlobalSection
	GlobalSection(ProjectConfigurationPlatforms) = postSolution
		{397E7F30-0EA5-4BA1-92EB-457FA98BF6D9}.Debug|Any CPU.ActiveCfg = Debug|Any CPU
		{397E7F30-0EA5-4BA1-92EB-457FA98BF6D9}.Debug|Any CPU.Build.0 = Debug|Any CPU
		{397E7F30-0EA5-4BA1-92EB-457FA98BF6D9}.Release|Any CPU.ActiveCfg = Release|Any CPU
		{397E7F30-0EA5-4BA1-92EB-457FA98BF6D9}.Release|Any CPU.Build.0 = Release|Any CPU
	EndGlobalSection
	GlobalSection(SolutionProperties) = preSolution
		HideSolutionNode = FALSE
	EndGlobalSection
	GlobalSection(ExtensibilityGlobals) = postSolution
		SolutionGuid = {3E0E42C6-F808-48B8-8629-E3ED083CE425}
	EndGlobalSection
EndGlobal
